# This file is automatically @generated by Cargo.
# It is not intended for manual editing.
version = 4

[[package]]
name = "assert_no_alloc"
version = "1.1.2"
source = "registry+https://github.com/rust-lang/crates.io-index"
checksum = "55ca83137a482d61d916ceb1eba52a684f98004f18e0cafea230fe5579c178a3"

[[package]]
name = "bitflags"
version = "2.13.0"
source = "registry+https://github.com/rust-lang/crates.io-index"
checksum = "b4388bee8683e3d04af747c73422af53102d2bd24d9eadb6cbc100baef4b43f8"

[[package]]
name = "thx-dsp"
version = "0.1.0"
dependencies = [
 "assert_no_alloc",
 "bitflags",
]
